
Microsoft Visual Studio Solution File, Format Version 12.00
# Visual Studio 15
VisualStudioVersion = 15.0.27428.2005
MinimumVisualStudioVersion = 10.0.40219.1
Project("{FAE04EC0-301F-11D3-BF4B-00C04F79EFBC}") = "CoordinateSystem", "CoordinateSystem\CoordinateSystem.csproj", "{0CD3858E-F8A6-4B72-AA4A-DD1E70223D38}"
EndProject
Project("{FAE04EC0-301F-11D3-BF4B-00C04F79EFBC}") = "WpfApplication", "WpfApplication\WpfApplication.csproj", "{45159CF1-97CE-4F8B-B011-58EB59202E33}"
EndProject
Project("{FAE04EC0-301F-11D3-BF4B-00C04F79EFBC}") = "ArithmeticApplication", "ArithmeticApplication\ArithmeticApplication.csproj", "{D4561112-33FF-47F4-BC48-C6CDBA946643}"
EndProject
Global
	GlobalSection(SolutionConfigurationPlatforms) = preSolution
		Debug|Any CPU = Debug|Any CPU
		Release|Any CPU = Release|Any CPU
	EndGlobalSection
	GlobalSection(ProjectConfigurationPlatforms) = postSolution
		{0CD3858E-F8A6-4B72-AA4A-DD1E70223D38}.Debug|Any CPU.ActiveCfg = Debug|Any CPU
		{0CD3858E-F8A6-4B72-AA4A-DD1E70223D38}.Debug|Any CPU.Build.0 = Debug|Any CPU
		{0CD3858E-F8A6-4B72-AA4A-DD1E70223D38}.Release|Any CPU.ActiveCfg = Release|Any CPU
		{0CD3858E-F8A6-4B72-AA4A-DD1E70223D38}.Release|Any CPU.Build.0 = Release|Any CPU
		{45159CF1-97CE-4F8B-B011-58EB59202E33}.Debug|Any CPU.ActiveCfg = Debug|Any CPU
		{45159CF1-97CE-4F8B-B011-58EB59202E33}.Debug|Any CPU.Build.0 = Debug|Any CPU
		{45159CF1-97CE-4F8B-B011-58EB59202E33}.Release|Any CPU.ActiveCfg = Release|Any CPU
		{45159CF1-97CE-4F8B-B011-58EB59202E33}.Release|Any CPU.Build.0 = Release|Any CPU
		{D4561112-33FF-47F4-BC48-C6CDBA946643}.Debug|Any CPU.ActiveCfg = Debug|Any CPU
		{D4561112-33FF-47F4-BC48-C6CDBA946643}.Debug|Any CPU.Build.0 = Debug|Any CPU
		{D4561112-33FF-47F4-BC48-C6CDBA946643}.Release|Any CPU.ActiveCfg = Release|Any CPU
		{D4561112-33FF-47F4-BC48-C6CDBA946643}.Release|Any CPU.Build.0 = Release|Any CPU
	EndGlobalSection
	GlobalSection(SolutionProperties) = preSolution
		HideSolutionNode = FALSE
	EndGlobalSection
	GlobalSection(ExtensibilityGlobals) = postSolution
		SolutionGuid = {B835DE56-5E8C-402E-8281-BEAE45FC574B}
	EndGlobalSection
EndGlobal
