
Microsoft Visual Studio Solution File, Format Version 12.00
# Visual Studio Version 16
VisualStudioVersion = 16.0.29025.244
MinimumVisualStudioVersion = 10.0.40219.1
Project("{FAE04EC0-301F-11D3-BF4B-00C04F79EFBC}") = "CoordinateSystem", "CoordinateSystem\CoordinateSystem.csproj", "{0CD3858E-F8A6-4B72-AA4A-DD1E70223D38}"
EndProject
Project("{FAE04EC0-301F-11D3-BF4B-00C04F79EFBC}") = "WpfApplication", "WpfApplication\WpfApplication.csproj", "{45159CF1-97CE-4F8B-B011-58EB59202E33}"
EndProject
Project("{FAE04EC0-301F-11D3-BF4B-00C04F79EFBC}") = "ArithmeticApplication", "ArithmeticApplication\ArithmeticApplication.csproj", "{D4561112-33FF-47F4-BC48-C6CDBA946643}"
EndProject
Project("{FAE04EC0-301F-11D3-BF4B-00C04F79EFBC}") = "GCDHistogram", "GCDHistogram\GCDHistogram.csproj", "{7DC1C0EC-027C-4111-BFC6-CB6A9CAA047E}"
EndProject
Project("{FAE04EC0-301F-11D3-BF4B-00C04F79EFBC}") = "GCDHistogramTests", "GCDHistogramTests\GCDHistogramTests.csproj", "{0160B1FB-5943-45A6-811B-98894CC53328}"
EndProject
Project("{FAE04EC0-301F-11D3-BF4B-00C04F79EFBC}") = "GeometryProject", "GeometryProject\GeometryProject.csproj", "{A61EEBA0-22CB-43EE-A3FE-1A1C0476CD93}"
EndProject
Project("{FAE04EC0-301F-11D3-BF4B-00C04F79EFBC}") = "GeometryProjectTests", "GeometryProjectTests\GeometryProjectTests.csproj", "{1BBE6AAE-6635-4053-9742-EFEC2BE0EF75}"
EndProject
Project("{2150E333-8FDC-42A3-9474-1A3956D46DE8}") = "Task4", "Task4", "{61049822-D09F-4C24-92E4-1669C13B28E1}"
EndProject
Project("{2150E333-8FDC-42A3-9474-1A3956D46DE8}") = "Task5", "Task5", "{27D44B10-55A4-4C15-91D8-99EABD5D5F3D}"
EndProject
Project("{2150E333-8FDC-42A3-9474-1A3956D46DE8}") = "Task3", "Task3", "{0B0D8AC0-C6C0-43C7-A63E-9A8E89E07D4D}"
EndProject
Project("{2150E333-8FDC-42A3-9474-1A3956D46DE8}") = "Task2", "Task2", "{91D76CA4-E06E-4739-8A70-93C8307691AE}"
EndProject
Project("{2150E333-8FDC-42A3-9474-1A3956D46DE8}") = "Task1", "Task1", "{4B7906A7-BE2D-48D7-899D-A4161EA4C7AA}"
EndProject
Project("{FAE04EC0-301F-11D3-BF4B-00C04F79EFBC}") = "TraingleApplication", "TraingleApplication\TraingleApplication.csproj", "{BAAA0202-BEA1-4AAF-B4D7-3ACE0164A271}"
EndProject
Project("{FAE04EC0-301F-11D3-BF4B-00C04F79EFBC}") = "TrangleApplicationTests", "TrangleApplicationTests\TrangleApplicationTests.csproj", "{E33CFF18-C21F-489C-98C2-4F52A51AE84B}"
EndProject
Global
	GlobalSection(SolutionConfigurationPlatforms) = preSolution
		Debug|Any CPU = Debug|Any CPU
		Release|Any CPU = Release|Any CPU
	EndGlobalSection
	GlobalSection(ProjectConfigurationPlatforms) = postSolution
		{0CD3858E-F8A6-4B72-AA4A-DD1E70223D38}.Debug|Any CPU.ActiveCfg = Debug|Any CPU
		{0CD3858E-F8A6-4B72-AA4A-DD1E70223D38}.Debug|Any CPU.Build.0 = Debug|Any CPU
		{0CD3858E-F8A6-4B72-AA4A-DD1E70223D38}.Release|Any CPU.ActiveCfg = Release|Any CPU
		{0CD3858E-F8A6-4B72-AA4A-DD1E70223D38}.Release|Any CPU.Build.0 = Release|Any CPU
		{45159CF1-97CE-4F8B-B011-58EB59202E33}.Debug|Any CPU.ActiveCfg = Debug|Any CPU
		{45159CF1-97CE-4F8B-B011-58EB59202E33}.Debug|Any CPU.Build.0 = Debug|Any CPU
		{45159CF1-97CE-4F8B-B011-58EB59202E33}.Release|Any CPU.ActiveCfg = Release|Any CPU
		{45159CF1-97CE-4F8B-B011-58EB59202E33}.Release|Any CPU.Build.0 = Release|Any CPU
		{D4561112-33FF-47F4-BC48-C6CDBA946643}.Debug|Any CPU.ActiveCfg = Debug|Any CPU
		{D4561112-33FF-47F4-BC48-C6CDBA946643}.Debug|Any CPU.Build.0 = Debug|Any CPU
		{D4561112-33FF-47F4-BC48-C6CDBA946643}.Release|Any CPU.ActiveCfg = Release|Any CPU
		{D4561112-33FF-47F4-BC48-C6CDBA946643}.Release|Any CPU.Build.0 = Release|Any CPU
		{7DC1C0EC-027C-4111-BFC6-CB6A9CAA047E}.Debug|Any CPU.ActiveCfg = Debug|Any CPU
		{7DC1C0EC-027C-4111-BFC6-CB6A9CAA047E}.Debug|Any CPU.Build.0 = Debug|Any CPU
		{7DC1C0EC-027C-4111-BFC6-CB6A9CAA047E}.Release|Any CPU.ActiveCfg = Release|Any CPU
		{7DC1C0EC-027C-4111-BFC6-CB6A9CAA047E}.Release|Any CPU.Build.0 = Release|Any CPU
		{0160B1FB-5943-45A6-811B-98894CC53328}.Debug|Any CPU.ActiveCfg = Debug|Any CPU
		{0160B1FB-5943-45A6-811B-98894CC53328}.Debug|Any CPU.Build.0 = Debug|Any CPU
		{0160B1FB-5943-45A6-811B-98894CC53328}.Release|Any CPU.ActiveCfg = Release|Any CPU
		{0160B1FB-5943-45A6-811B-98894CC53328}.Release|Any CPU.Build.0 = Release|Any CPU
		{A61EEBA0-22CB-43EE-A3FE-1A1C0476CD93}.Debug|Any CPU.ActiveCfg = Debug|Any CPU
		{A61EEBA0-22CB-43EE-A3FE-1A1C0476CD93}.Debug|Any CPU.Build.0 = Debug|Any CPU
		{A61EEBA0-22CB-43EE-A3FE-1A1C0476CD93}.Release|Any CPU.ActiveCfg = Release|Any CPU
		{A61EEBA0-22CB-43EE-A3FE-1A1C0476CD93}.Release|Any CPU.Build.0 = Release|Any CPU
		{1BBE6AAE-6635-4053-9742-EFEC2BE0EF75}.Debug|Any CPU.ActiveCfg = Debug|Any CPU
		{1BBE6AAE-6635-4053-9742-EFEC2BE0EF75}.Debug|Any CPU.Build.0 = Debug|Any CPU
		{1BBE6AAE-6635-4053-9742-EFEC2BE0EF75}.Release|Any CPU.ActiveCfg = Release|Any CPU
		{1BBE6AAE-6635-4053-9742-EFEC2BE0EF75}.Release|Any CPU.Build.0 = Release|Any CPU
		{BAAA0202-BEA1-4AAF-B4D7-3ACE0164A271}.Debug|Any CPU.ActiveCfg = Debug|Any CPU
		{BAAA0202-BEA1-4AAF-B4D7-3ACE0164A271}.Debug|Any CPU.Build.0 = Debug|Any CPU
		{BAAA0202-BEA1-4AAF-B4D7-3ACE0164A271}.Release|Any CPU.ActiveCfg = Release|Any CPU
		{BAAA0202-BEA1-4AAF-B4D7-3ACE0164A271}.Release|Any CPU.Build.0 = Release|Any CPU
		{E33CFF18-C21F-489C-98C2-4F52A51AE84B}.Debug|Any CPU.ActiveCfg = Debug|Any CPU
		{E33CFF18-C21F-489C-98C2-4F52A51AE84B}.Debug|Any CPU.Build.0 = Debug|Any CPU
		{E33CFF18-C21F-489C-98C2-4F52A51AE84B}.Release|Any CPU.ActiveCfg = Release|Any CPU
		{E33CFF18-C21F-489C-98C2-4F52A51AE84B}.Release|Any CPU.Build.0 = Release|Any CPU
	EndGlobalSection
	GlobalSection(SolutionProperties) = preSolution
		HideSolutionNode = FALSE
	EndGlobalSection
	GlobalSection(NestedProjects) = preSolution
		{0CD3858E-F8A6-4B72-AA4A-DD1E70223D38} = {4B7906A7-BE2D-48D7-899D-A4161EA4C7AA}
		{45159CF1-97CE-4F8B-B011-58EB59202E33} = {4B7906A7-BE2D-48D7-899D-A4161EA4C7AA}
		{D4561112-33FF-47F4-BC48-C6CDBA946643} = {0B0D8AC0-C6C0-43C7-A63E-9A8E89E07D4D}
		{7DC1C0EC-027C-4111-BFC6-CB6A9CAA047E} = {91D76CA4-E06E-4739-8A70-93C8307691AE}
		{0160B1FB-5943-45A6-811B-98894CC53328} = {91D76CA4-E06E-4739-8A70-93C8307691AE}
		{A61EEBA0-22CB-43EE-A3FE-1A1C0476CD93} = {27D44B10-55A4-4C15-91D8-99EABD5D5F3D}
		{1BBE6AAE-6635-4053-9742-EFEC2BE0EF75} = {27D44B10-55A4-4C15-91D8-99EABD5D5F3D}
		{BAAA0202-BEA1-4AAF-B4D7-3ACE0164A271} = {61049822-D09F-4C24-92E4-1669C13B28E1}
		{E33CFF18-C21F-489C-98C2-4F52A51AE84B} = {61049822-D09F-4C24-92E4-1669C13B28E1}
	EndGlobalSection
	GlobalSection(ExtensibilityGlobals) = postSolution
		SolutionGuid = {B835DE56-5E8C-402E-8281-BEAE45FC574B}
	EndGlobalSection
EndGlobal
